// !$*UTF8*$!
{
	archiveVersion = 1;
	classes = {
	};
	objectVersion = 48;
	objects = {

/* Begin PBXBuildFile section */
		4029A6231FDFDE8700301944 /* AppDelegate.swift in Sources */ = {isa = PBXBuildFile; fileRef = 4029A6221FDFDE8700301944 /* AppDelegate.swift */; };
		4029A6251FDFDE8700301944 /* ViewController.swift in Sources */ = {isa = PBXBuildFile; fileRef = 4029A6241FDFDE8700301944 /* ViewController.swift */; };
		4029A6281FDFDE8700301944 /* Main.storyboard in Resources */ = {isa = PBXBuildFile; fileRef = 4029A6261FDFDE8700301944 /* Main.storyboard */; };
		4029A62A1FDFDE8700301944 /* Assets.xcassets in Resources */ = {isa = PBXBuildFile; fileRef = 4029A6291FDFDE8700301944 /* Assets.xcassets */; };
		4029A62D1FDFDE8700301944 /* LaunchScreen.storyboard in Resources */ = {isa = PBXBuildFile; fileRef = 4029A62B1FDFDE8700301944 /* LaunchScreen.storyboard */; };
		4029A6381FDFE33600301944 /* MyCollectionViewCell.swift in Sources */ = {isa = PBXBuildFile; fileRef = 4029A6361FDFE33600301944 /* MyCollectionViewCell.swift */; };
		4029A6391FDFE33600301944 /* MyCollectionViewCell.xib in Resources */ = {isa = PBXBuildFile; fileRef = 4029A6371FDFE33600301944 /* MyCollectionViewCell.xib */; };
/* End PBXBuildFile section */

/* Begin PBXFileReference section */
		4029A61F1FDFDE8700301944 /* 1212new5.app */ = {isa = PBXFileReference; explicitFileType = wrapper.application; includeInIndex = 0; path = 1212new5.app; sourceTree = BUILT_PRODUCTS_DIR; };
		4029A6221FDFDE8700301944 /* AppDelegate.swift */ = {isa = PBXFileReference; lastKnownFileType = sourcecode.swift; path = AppDelegate.swift; sourceTree = "<group>"; };
		4029A6241FDFDE8700301944 /* ViewController.swift */ = {isa = PBXFileReference; lastKnownFileType = sourcecode.swift; path = ViewController.swift; sourceTree = "<group>"; };
		4029A6271FDFDE8700301944 /* Base */ = {isa = PBXFileReference; lastKnownFileType = file.storyboard; name = Base; path = Base.lproj/Main.storyboard; sourceTree = "<group>"; };
		4029A6291FDFDE8700301944 /* Assets.xcassets */ = {isa = PBXFileReference; lastKnownFileType = folder.assetcatalog; path = Assets.xcassets; sourceTree = "<group>"; };
		4029A62C1FDFDE8700301944 /* Base */ = {isa = PBXFileReference; lastKnownFileType = file.storyboard; name = Base; path = Base.lproj/LaunchScreen.storyboard; sourceTree = "<group>"; };
		4029A62E1FDFDE8700301944 /* Info.plist */ = {isa = PBXFileReference; lastKnownFileType = text.plist.xml; path = Info.plist; sourceTree = "<group>"; };
		4029A6361FDFE33600301944 /* MyCollectionViewCell.swift */ = {isa = PBXFileReference; lastKnownFileType = sourcecode.swift; path = MyCollectionViewCell.swift; sourceTree = "<group>"; };
		4029A6371FDFE33600301944 /* MyCollectionViewCell.xib */ = {isa = PBXFileReference; lastKnownFileType = file.xib; path = MyCollectionViewCell.xib; sourceTree = "<group>"; };
/* End PBXFileReference section */

/* Begin PBXFrameworksBuildPhase section */
		4029A61C1FDFDE8700301944 /* Frameworks */ = {
			isa = PBXFrameworksBuildPhase;
			buildActionMask = 2147483647;
			files = (
			);
			runOnlyForDeploymentPostprocessing = 0;
		};
/* End PBXFrameworksBuildPhase section */

/* Begin PBXGroup section */
		4029A6161FDFDE8700301944 = {
			isa = PBXGroup;
			children = (
				4029A6211FDFDE8700301944 /* 1212new5 */,
				4029A6201FDFDE8700301944 /* Products */,
			);
			sourceTree = "<group>";
		};
		4029A6201FDFDE8700301944 /* Products */ = {
			isa = PBXGroup;
			children = (
				4029A61F1FDFDE8700301944 /* 1212new5.app */,
			);
			name = Products;
			sourceTree = "<group>";
		};
		4029A6211FDFDE8700301944 /* 1212new5 */ = {
			isa = PBXGroup;
			children = (
				4029A6221FDFDE8700301944 /* AppDelegate.swift */,
				4029A6241FDFDE8700301944 /* ViewController.swift */,
				4029A6261FDFDE8700301944 /* Main.storyboard */,
				4029A6291FDFDE8700301944 /* Assets.xcassets */,
				4029A62B1FDFDE8700301944 /* LaunchScreen.storyboard */,
				4029A62E1FDFDE8700301944 /* Info.plist */,
				4029A6361FDFE33600301944 /* MyCollectionViewCell.swift */,
				4029A6371FDFE33600301944 /* MyCollectionViewCell.xib */,
			);
			path = 1212new5;
			sourceTree = "<group>";
		};
/* End PBXGroup section */

/* Begin PBXNativeTarget section */
		4029A61E1FDFDE8700301944 /* 1212new5 */ = {
			isa = PBXNativeTarget;
			buildConfigurationList = 4029A6311FDFDE8700301944 /* Build configuration list for PBXNativeTarget "1212new5" */;
			buildPhases = (
				4029A61B1FDFDE8700301944 /* Sources */,
				4029A61C1FDFDE8700301944 /* Frameworks */,
				4029A61D1FDFDE8700301944 /* Resources */,
			);
			buildRules = (
			);
			dependencies = (
			);
			name = 1212new5;
			productName = 1212new5;
			productReference = 4029A61F1FDFDE8700301944 /* 1212new5.app */;
			productType = "com.apple.product-type.application";
		};
/* End PBXNativeTarget section */

/* Begin PBXProject section */
		4029A6171FDFDE8700301944 /* Project object */ = {
			isa = PBXProject;
			attributes = {
				LastSwiftUpdateCheck = 0920;
				LastUpgradeCheck = 0920;
				ORGANIZATIONNAME = aa;
				TargetAttributes = {
					4029A61E1FDFDE8700301944 = {
						CreatedOnToolsVersion = 9.2;
						ProvisioningStyle = Automatic;
					};
				};
			};
			buildConfigurationList = 4029A61A1FDFDE8700301944 /* Build configuration list for PBXProject "1212new5" */;
			compatibilityVersion = "Xcode 8.0";
			developmentRegion = en;
			hasScannedForEncodings = 0;
			knownRegions = (
				en,
				Base,
			);
			mainGroup = 4029A6161FDFDE8700301944;
			productRefGroup = 4029A6201FDFDE8700301944 /* Products */;
			projectDirPath = "";
			projectRoot = "";
			targets = (
				4029A61E1FDFDE8700301944 /* 1212new5 */,
			);
		};
/* End PBXProject section */

/* Begin PBXResourcesBuildPhase section */
		4029A61D1FDFDE8700301944 /* Resources */ = {
			isa = PBXResourcesBuildPhase;
			buildActionMask = 2147483647;
			files = (
				4029A62D1FDFDE8700301944 /* LaunchScreen.storyboard in Resources */,
				4029A62A1FDFDE8700301944 /* Assets.xcassets in Resources */,
				4029A6391FDFE33600301944 /* MyCollectionViewCell.xib in Resources */,
				4029A6281FDFDE8700301944 /* Main.storyboard in Resources */,
			);
			runOnlyForDeploymentPostprocessing = 0;
		};
/* End PBXResourcesBuildPhase section */

/* Begin PBXSourcesBuildPhase section */
		4029A61B1FDFDE8700301944 /* Sources */ = {
			isa = PBXSourcesBuildPhase;
			buildActionMask = 2147483647;
			files = (
				4029A6251FDFDE8700301944 /* ViewController.swift in Sources */,
				4029A6231FDFDE8700301944 /* AppDelegate.swift in Sources */,
				4029A6381FDFE33600301944 /* MyCollectionViewCell.swift in Sources */,
			);
			runOnlyForDeploymentPostprocessing = 0;
		};
/* End PBXSourcesBuildPhase section */

/* Begin PBXVariantGroup section */
		4029A6261FDFDE8700301944 /* Main.storyboard */ = {
			isa = PBXVariantGroup;
			children = (
				4029A6271FDFDE8700301944 /* Base */,
			);
			name = Main.storyboard;
			sourceTree = "<group>";
		};
		4029A62B1FDFDE8700301944 /* LaunchScreen.storyboard */ = {
			isa = PBXVariantGroup;
			children = (
				4029A62C1FDFDE8700301944 /* Base */,
			);
			name = LaunchScreen.storyboard;
			sourceTree = "<group>";
		};
/* End PBXVariantGroup section */

/* Begin XCBuildConfiguration section */
		4029A62F1FDFDE8700301944 /* Debug */ = {
			isa = XCBuildConfiguration;
			buildSettings = {
				ALWAYS_SEARCH_USER_PATHS = NO;
				CLANG_ANALYZER_NONNULL = YES;
				CLANG_ANALYZER_NUMBER_OBJECT_CONVERSION = YES_AGGRESSIVE;
				CLANG_CXX_LANGUAGE_STANDARD = "gnu++14";
				CLANG_CXX_LIBRARY = "libc++";
				CLANG_ENABLE_MODULES = YES;
				CLANG_ENABLE_OBJC_ARC = YES;
				CLANG_WARN_BLOCK_CAPTURE_AUTORELEASING = YES;
				CLANG_WARN_BOOL_CONVERSION = YES;
				CLANG_WARN_COMMA = YES;
				CLANG_WARN_CONSTANT_CONVERSION = YES;
				CLANG_WARN_DIRECT_OBJC_ISA_USAGE = YES_ERROR;
				CLANG_WARN_DOCUMENTATION_COMMENTS = YES;
				CLANG_WARN_EMPTY_BODY = YES;
				CLANG_WARN_ENUM_CONVERSION = YES;
				CLANG_WARN_INFINITE_RECURSION = YES;
				CLANG_WARN_INT_CONVERSION = YES;
				CLANG_WARN_NON_LITERAL_NULL_CONVERSION = YES;
				CLANG_WARN_OBJC_LITERAL_CONVERSION = YES;
				CLANG_WARN_OBJC_ROOT_CLASS = YES_ERROR;
				CLANG_WARN_RANGE_LOOP_ANALYSIS = YES;
				CLANG_WARN_STRICT_PROTOTYPES = YES;
				CLANG_WARN_SUSPICIOUS_MOVE = YES;
				CLANG_WARN_UNGUARDED_AVAILABILITY = YES_AGGRESSIVE;
				CLANG_WARN_UNREACHABLE_CODE = YES;
				CLANG_WARN__DUPLICATE_METHOD_MATCH = YES;
				CODE_SIGN_IDENTITY = "iPhone Developer";
				COPY_PHASE_STRIP = NO;
				DEBUG_INFORMATION_FORMAT = dwarf;
				ENABLE_STRICT_OBJC_MSGSEND = YES;
				ENABLE_TESTABILITY = YES;
				GCC_C_LANGUAGE_STANDARD = gnu11;
				GCC_DYNAMIC_NO_PIC = NO;
				GCC_NO_COMMON_BLOCKS = YES;
				GCC_OPTIMIZATION_LEVEL = 0;
				GCC_PREPROCESSOR_DEFINITIONS = (
					"DEBUG=1",
					"$(inherited)",
				);
				GCC_WARN_64_TO_32_BIT_CONVERSION = YES;
				GCC_WARN_ABOUT_RETURN_TYPE = YES_ERROR;
				GCC_WARN_UNDECLARED_SELECTOR = YES;
				GCC_WARN_UNINITIALIZED_AUTOS = YES_AGGRESSIVE;
				GCC_WARN_UNUSED_FUNCTION = YES;
				GCC_WARN_UNUSED_VARIABLE = YES;
				IPHONEOS_DEPLOYMENT_TARGET = 11.2;
				MTL_ENABLE_DEBUG_INFO = YES;
				ONLY_ACTIVE_ARCH = YES;
				SDKROOT = iphoneos;
				SWIFT_ACTIVE_COMPILATION_CONDITIONS = DEBUG;
				SWIFT_OPTIMIZATION_LEVEL = "-Onone";
			};
			name = Debug;
		};
		4029A6301FDFDE8700301944 /* Release */ = {
			isa = XCBuildConfiguration;
			buildSettings = {
				ALWAYS_SEARCH_USER_PATHS = NO;
				CLANG_ANALYZER_NONNULL = YES;
				CLANG_ANALYZER_NUMBER_OBJECT_CONVERSION = YES_AGGRESSIVE;
				CLANG_CXX_LANGUAGE_STANDARD = "gnu++14";
				CLANG_CXX_LIBRARY = "libc++";
				CLANG_ENABLE_MODULES = YES;
				CLANG_ENABLE_OBJC_ARC = YES;
				CLANG_WARN_BLOCK_CAPTURE_AUTORELEASING = YES;
				CLANG_WARN_BOOL_CONVERSION = YES;
				CLANG_WARN_COMMA = YES;
				CLANG_WARN_CONSTANT_CONVERSION = YES;
				CLANG_WARN_DIRECT_OBJC_ISA_USAGE = YES_ERROR;
				CLANG_WARN_DOCUMENTATION_COMMENTS = YES;
				CLANG_WARN_EMPTY_BODY = YES;
				CLANG_WARN_ENUM_CONVERSION = YES;
				CLANG_WARN_INFINITE_RECURSION = YES;
				CLANG_WARN_INT_CONVERSION = YES;
				CLANG_WARN_NON_LITERAL_NULL_CONVERSION = YES;
				CLANG_WARN_OBJC_LITERAL_CONVERSION = YES;
				CLANG_WARN_OBJC_ROOT_CLASS = YES_ERROR;
				CLANG_WARN_RANGE_LOOP_ANALYSIS = YES;
				CLANG_WARN_STRICT_PROTOTYPES = YES;
				CLANG_WARN_SUSPICIOUS_MOVE = YES;
				CLANG_WARN_UNGUARDED_AVAILABILITY = YES_AGGRESSIVE;
				CLANG_WARN_UNREACHABLE_CODE = YES;
				CLANG_WARN__DUPLICATE_METHOD_MATCH = YES;
				CODE_SIGN_IDENTITY = "iPhone Developer";
				COPY_PHASE_STRIP = NO;
				DEBUG_INFORMATION_FORMAT = "dwarf-with-dsym";
				ENABLE_NS_ASSERTIONS = NO;
				ENABLE_STRICT_OBJC_MSGSEND = YES;
				GCC_C_LANGUAGE_STANDARD = gnu11;
				GCC_NO_COMMON_BLOCKS = YES;
				GCC_WARN_64_TO_32_BIT_CONVERSION = YES;
				GCC_WARN_ABOUT_RETURN_TYPE = YES_ERROR;
				GCC_WARN_UNDECLARED_SELECTOR = YES;
				GCC_WARN_UNINITIALIZED_AUTOS = YES_AGGRESSIVE;
				GCC_WARN_UNUSED_FUNCTION = YES;
				GCC_WARN_UNUSED_VARIABLE = YES;
				IPHONEOS_DEPLOYMENT_TARGET = 11.2;
				MTL_ENABLE_DEBUG_INFO = NO;
				SDKROOT = iphoneos;
				SWIFT_OPTIMIZATION_LEVEL = "-Owholemodule";
				VALIDATE_PRODUCT = YES;
			};
			name = Release;
		};
		4029A6321FDFDE8700301944 /* Debug */ = {
			isa = XCBuildConfiguration;
			buildSettings = {
				ASSETCATALOG_COMPILER_APPICON_NAME = AppIcon;
				CODE_SIGN_STYLE = Automatic;
				INFOPLIST_FILE = 1212new5/Info.plist;
				LD_RUNPATH_SEARCH_PATHS = "$(inherited) @executable_path/Frameworks";
				PRODUCT_BUNDLE_IDENTIFIER = "Com.appcoda.-212new5";
				PRODUCT_NAME = "$(TARGET_NAME)";
				SWIFT_VERSION = 4.0;
				TARGETED_DEVICE_FAMILY = "1,2";
			};
			name = Debug;
		};
		4029A6331FDFDE8700301944 /* Release */ = {
			isa = XCBuildConfiguration;
			buildSettings = {
				ASSETCATALOG_COMPILER_APPICON_NAME = AppIcon;
				CODE_SIGN_STYLE = Automatic;
				INFOPLIST_FILE = 1212new5/Info.plist;
				LD_RUNPATH_SEARCH_PATHS = "$(inherited) @executable_path/Frameworks";
				PRODUCT_BUNDLE_IDENTIFIER = "Com.appcoda.-212new5";
				PRODUCT_NAME = "$(TARGET_NAME)";
				SWIFT_VERSION = 4.0;
				TARGETED_DEVICE_FAMILY = "1,2";
			};
			name = Release;
		};
/* End XCBuildConfiguration section */

/* Begin XCConfigurationList section */
		4029A61A1FDFDE8700301944 /* Build configuration list for PBXProject "1212new5" */ = {
			isa = XCConfigurationList;
			buildConfigurations = (
				4029A62F1FDFDE8700301944 /* Debug */,
				4029A6301FDFDE8700301944 /* Release */,
			);
			defaultConfigurationIsVisible = 0;
			defaultConfigurationName = Release;
		};
		4029A6311FDFDE8700301944 /* Build configuration list for PBXNativeTarget "1212new5" */ = {
			isa = XCConfigurationList;
			buildConfigurations = (
				4029A6321FDFDE8700301944 /* Debug */,
				4029A6331FDFDE8700301944 /* Release */,
			);
			defaultConfigurationIsVisible = 0;
			defaultConfigurationName = Release;
		};
/* End XCConfigurationList section */
	};
	rootObject = 4029A6171FDFDE8700301944 /* Project object */;
}
